
Microsoft Visual Studio Solution File, Format Version 12.00
# Visual Studio Version 16
VisualStudioVersion = 16.0.30204.135
MinimumVisualStudioVersion = 10.0.40219.1
Project("{FAE04EC0-301F-11D3-BF4B-00C04F79EFBC}") = "Sudoku Solver", "Sudoku Solver\Sudoku Solver.csproj", "{52D7ABC2-450A-45DC-9867-A4580FC0EC6C}"
EndProject
Global
	GlobalSection(SolutionConfigurationPlatforms) = preSolution
		Debug|Any CPU = Debug|Any CPU
		Release|Any CPU = Release|Any CPU
	EndGlobalSection
	GlobalSection(ProjectConfigurationPlatforms) = postSolution
		{52D7ABC2-450A-45DC-9867-A4580FC0EC6C}.Debug|Any CPU.ActiveCfg = Debug|Any CPU
		{52D7ABC2-450A-45DC-9867-A4580FC0EC6C}.Debug|Any CPU.Build.0 = Debug|Any CPU
		{52D7ABC2-450A-45DC-9867-A4580FC0EC6C}.Release|Any CPU.ActiveCfg = Release|Any CPU
		{52D7ABC2-450A-45DC-9867-A4580FC0EC6C}.Release|Any CPU.Build.0 = Release|Any CPU
	EndGlobalSection
	GlobalSection(SolutionProperties) = preSolution
		HideSolutionNode = FALSE
	EndGlobalSection
	GlobalSection(ExtensibilityGlobals) = postSolution
		SolutionGuid = {53CCF99F-7204-4755-99CB-BB12E8FD8121}
	EndGlobalSection
EndGlobal
